{
  "name": "test",
  "version": "1.0.0",
  "lockfileVersion": 2,
  "requires": true,
  "packages": {
    "": {
      "name": "test",
      "version": "1.0.0",
      "license": "ISC",
      "dependencies": {
        "@playcanvas/canvas-mock": "^1.0.0",
        "playcanvas": "^1.51.7"
      }
    },
    "node_modules/@playcanvas/canvas-mock": {
      "version": "1.0.1",
      "resolved": "https://registry.npmjs.org/@playcanvas/canvas-mock/-/canvas-mock-1.0.1.tgz",
      "integrity": "sha512-+au+qXfJFLuC1euQuixjbUVll2VOjnBRNP+hjUDWkX8lMmo8LtbfUxgfTbZCNQTCSBvV+9Ms7aha/3Urkz3uUg=="
    },
    "node_modules/playcanvas": {
      "version": "1.51.7",
      "resolved": "https://registry.npmjs.org/playcanvas/-/playcanvas-1.51.7.tgz",
      "integrity": "sha512-+ibFu2FLuOw8XYmdTfDwtRse0z/EykAPBv0WKnVxzFeFlmMamNkxi29ypgY4TZvbI2kbXF7K45bTGbcJATfyuQ=="
    }
  },
  "dependencies": {
    "@playcanvas/canvas-mock": {
      "version": "1.0.1",
      "resolved": "https://registry.npmjs.org/@playcanvas/canvas-mock/-/canvas-mock-1.0.1.tgz",
      "integrity": "sha512-+au+qXfJFLuC1euQuixjbUVll2VOjnBRNP+hjUDWkX8lMmo8LtbfUxgfTbZCNQTCSBvV+9Ms7aha/3Urkz3uUg=="
    },
    "playcanvas": {
      "version": "1.51.7",
      "resolved": "https://registry.npmjs.org/playcanvas/-/playcanvas-1.51.7.tgz",
      "integrity": "sha512-+ibFu2FLuOw8XYmdTfDwtRse0z/EykAPBv0WKnVxzFeFlmMamNkxi29ypgY4TZvbI2kbXF7K45bTGbcJATfyuQ=="
    }
  }
}
